Microsoft Visual Studio Solution File, Format Version 11.00
# Visual Studio 2008

Project("{D440251A-ECD9-FD16-8162-7C924B0535FA}") = "Bird Accents", "Assembly-CSharp.csproj", "{79252AC8-A11C-E65D-242F-5AC6FAD7F8CE}"
EndProject
Global
	GlobalSection(SolutionConfigurationPlatforms) = preSolution
		Debug|Any CPU = Debug|Any CPU
		Release|Any CPU = Release|Any CPU
	EndGlobalSection
	GlobalSection(ProjectConfigurationPlatforms) = postSolution
		{79252AC8-A11C-E65D-242F-5AC6FAD7F8CE}.Debug|Any CPU.ActiveCfg = Debug|Any CPU
		{79252AC8-A11C-E65D-242F-5AC6FAD7F8CE}.Debug|Any CPU.Build.0 = Debug|Any CPU
		{79252AC8-A11C-E65D-242F-5AC6FAD7F8CE}.Release|Any CPU.ActiveCfg = Release|Any CPU
		{79252AC8-A11C-E65D-242F-5AC6FAD7F8CE}.Release|Any CPU.Build.0 = Release|Any CPU
	EndGlobalSection
	GlobalSection(SolutionProperties) = preSolution
		HideSolutionNode = FALSE
	EndGlobalSection
	GlobalSection(MonoDevelopProperties) = preSolution
		StartupItem = Assembly-CSharp.csproj
	EndGlobalSection
EndGlobal
